
Microsoft Visual Studio Solution File, Format Version 12.00
# Visual Studio 15
VisualStudioVersion = 15.0.27130.2027
MinimumVisualStudioVersion = 10.0.40219.1
Project("{FAE04EC0-301F-11D3-BF4B-00C04F79EFBC}") = "Client_Queue", "Client_Queue\Client_Queue.csproj", "{4A219325-ABDF-4F0A-A825-B454F96B4A1D}"
EndProject
Project("{FAE04EC0-301F-11D3-BF4B-00C04F79EFBC}") = "Server_Queue", "Server_Queue\Server_Queue.csproj", "{A0D85DA2-D419-46F8-9415-DD080F54AD5B}"
EndProject
Global
	GlobalSection(SolutionConfigurationPlatforms) = preSolution
		Debug|Any CPU = Debug|Any CPU
		Release|Any CPU = Release|Any CPU
	EndGlobalSection
	GlobalSection(ProjectConfigurationPlatforms) = postSolution
		{4A219325-ABDF-4F0A-A825-B454F96B4A1D}.Debug|Any CPU.ActiveCfg = Debug|Any CPU
		{4A219325-ABDF-4F0A-A825-B454F96B4A1D}.Debug|Any CPU.Build.0 = Debug|Any CPU
		{4A219325-ABDF-4F0A-A825-B454F96B4A1D}.Release|Any CPU.ActiveCfg = Release|Any CPU
		{4A219325-ABDF-4F0A-A825-B454F96B4A1D}.Release|Any CPU.Build.0 = Release|Any CPU
		{A0D85DA2-D419-46F8-9415-DD080F54AD5B}.Debug|Any CPU.ActiveCfg = Debug|Any CPU
		{A0D85DA2-D419-46F8-9415-DD080F54AD5B}.Debug|Any CPU.Build.0 = Debug|Any CPU
		{A0D85DA2-D419-46F8-9415-DD080F54AD5B}.Release|Any CPU.ActiveCfg = Release|Any CPU
		{A0D85DA2-D419-46F8-9415-DD080F54AD5B}.Release|Any CPU.Build.0 = Release|Any CPU
	EndGlobalSection
	GlobalSection(SolutionProperties) = preSolution
		HideSolutionNode = FALSE
	EndGlobalSection
	GlobalSection(ExtensibilityGlobals) = postSolution
		SolutionGuid = {365916EB-644A-4F84-B193-6FD672E23297}
	EndGlobalSection
EndGlobal
